
Microsoft Visual Studio Solution File, Format Version 12.00
# Visual Studio 15
VisualStudioVersion = 15.0.28307.1738
MinimumVisualStudioVersion = 10.0.40219.1
Project("{FAE04EC0-301F-11D3-BF4B-00C04F79EFBC}") = "backend_venta", "backend_venta\backend_venta.csproj", "{94089E3A-99C4-4DF1-A686-B70FA5E930DC}"
EndProject
Global
	GlobalSection(SolutionConfigurationPlatforms) = preSolution
		Debug|Any CPU = Debug|Any CPU
		Release|Any CPU = Release|Any CPU
	EndGlobalSection
	GlobalSection(ProjectConfigurationPlatforms) = postSolution
		{94089E3A-99C4-4DF1-A686-B70FA5E930DC}.Debug|Any CPU.ActiveCfg = Debug|Any CPU
		{94089E3A-99C4-4DF1-A686-B70FA5E930DC}.Debug|Any CPU.Build.0 = Debug|Any CPU
		{94089E3A-99C4-4DF1-A686-B70FA5E930DC}.Release|Any CPU.ActiveCfg = Release|Any CPU
		{94089E3A-99C4-4DF1-A686-B70FA5E930DC}.Release|Any CPU.Build.0 = Release|Any CPU
	EndGlobalSection
	GlobalSection(SolutionProperties) = preSolution
		HideSolutionNode = FALSE
	EndGlobalSection
	GlobalSection(ExtensibilityGlobals) = postSolution
		SolutionGuid = {B2E097AD-F587-491B-B6B4-8025B2FBC62F}
	EndGlobalSection
EndGlobal
